
Microsoft Visual Studio Solution File, Format Version 12.00
Project("{FAE04EC0-301F-11D3-BF4B-00C04F79EFBC}") = "TrackNumberSystem", "TrackNumberSystem\TrackNumberSystem.csproj", "{0AA395CE-E90B-4E12-9F68-C0D5E135BEDD}"
EndProject
Project("{FAE04EC0-301F-11D3-BF4B-00C04F79EFBC}") = "TrackNumberSystem.Tests", "TrackNumberSystem.Tests\TrackNumberSystem.Tests.csproj", "{BC4081F0-1696-4B95-87CC-19CDF19253CB}"
EndProject
Global
	GlobalSection(SolutionConfigurationPlatforms) = preSolution
		Debug|Any CPU = Debug|Any CPU
		Release|Any CPU = Release|Any CPU
	EndGlobalSection
	GlobalSection(ProjectConfigurationPlatforms) = postSolution
		{0AA395CE-E90B-4E12-9F68-C0D5E135BEDD}.Debug|Any CPU.ActiveCfg = Debug|Any CPU
		{0AA395CE-E90B-4E12-9F68-C0D5E135BEDD}.Debug|Any CPU.Build.0 = Debug|Any CPU
		{0AA395CE-E90B-4E12-9F68-C0D5E135BEDD}.Release|Any CPU.ActiveCfg = Release|Any CPU
		{0AA395CE-E90B-4E12-9F68-C0D5E135BEDD}.Release|Any CPU.Build.0 = Release|Any CPU
		{BC4081F0-1696-4B95-87CC-19CDF19253CB}.Debug|Any CPU.ActiveCfg = Debug|Any CPU
		{BC4081F0-1696-4B95-87CC-19CDF19253CB}.Debug|Any CPU.Build.0 = Debug|Any CPU
		{BC4081F0-1696-4B95-87CC-19CDF19253CB}.Release|Any CPU.ActiveCfg = Release|Any CPU
		{BC4081F0-1696-4B95-87CC-19CDF19253CB}.Release|Any CPU.Build.0 = Release|Any CPU
	EndGlobalSection
EndGlobal
